
Microsoft Visual Studio Solution File, Format Version 12.00
# Visual Studio Version 16
VisualStudioVersion = 16.0.31424.327
MinimumVisualStudioVersion = 10.0.40219.1
Project("{8BC9CEB8-8B4A-11D0-8D11-00A0C91BC942}") = "SqlKnife", "SqlKnife\SqlKnife.vcxproj", "{8CC16A45-B4B9-4E1B-85F0-5599EF5AB59B}"
EndProject
Project("{00D1A9C2-B5F0-4AF3-8072-F6C62B433612}") = "PotatoInSQL", "PotatoInSQL\PotatoInSQL.sqlproj", "{B191C7FF-59E8-4357-959E-791B9C10B594}"
EndProject
Project("{00D1A9C2-B5F0-4AF3-8072-F6C62B433612}") = "SqlCmdExec", "SqlCmdExec\SqlCmdExec.sqlproj", "{6B95B0F5-A8DD-4290-B376-C90F707B0A78}"
EndProject
Project("{00D1A9C2-B5F0-4AF3-8072-F6C62B433612}") = "DownLoadExec", "DownLoadExec\DownLoadExec.sqlproj", "{B8504434-68B2-47CE-A86F-B2FD434F77FD}"
EndProject
Project("{00D1A9C2-B5F0-4AF3-8072-F6C62B433612}") = "EfsPotato", "EfsPotato\EfsPotato.sqlproj", "{4836D6A4-F807-4E6A-887D-409BF1480017}"
EndProject
Global
	GlobalSection(SolutionConfigurationPlatforms) = preSolution
		Debug|Any CPU = Debug|Any CPU
		Debug|x64 = Debug|x64
		Debug|x86 = Debug|x86
		Release|Any CPU = Release|Any CPU
		Release|x64 = Release|x64
		Release|x86 = Release|x86
	EndGlobalSection
	GlobalSection(ProjectConfigurationPlatforms) = postSolution
		{8CC16A45-B4B9-4E1B-85F0-5599EF5AB59B}.Debug|Any CPU.ActiveCfg = Debug|Win32
		{8CC16A45-B4B9-4E1B-85F0-5599EF5AB59B}.Debug|x64.ActiveCfg = Debug|x64
		{8CC16A45-B4B9-4E1B-85F0-5599EF5AB59B}.Debug|x64.Build.0 = Debug|x64
		{8CC16A45-B4B9-4E1B-85F0-5599EF5AB59B}.Debug|x86.ActiveCfg = Debug|Win32
		{8CC16A45-B4B9-4E1B-85F0-5599EF5AB59B}.Debug|x86.Build.0 = Debug|Win32
		{8CC16A45-B4B9-4E1B-85F0-5599EF5AB59B}.Release|Any CPU.ActiveCfg = Release|Win32
		{8CC16A45-B4B9-4E1B-85F0-5599EF5AB59B}.Release|x64.ActiveCfg = Release|x64
		{8CC16A45-B4B9-4E1B-85F0-5599EF5AB59B}.Release|x64.Build.0 = Release|x64
		{8CC16A45-B4B9-4E1B-85F0-5599EF5AB59B}.Release|x86.ActiveCfg = Release|Win32
		{8CC16A45-B4B9-4E1B-85F0-5599EF5AB59B}.Release|x86.Build.0 = Release|Win32
		{B191C7FF-59E8-4357-959E-791B9C10B594}.Debug|Any CPU.ActiveCfg = Debug|Any CPU
		{B191C7FF-59E8-4357-959E-791B9C10B594}.Debug|Any CPU.Build.0 = Debug|Any CPU
		{B191C7FF-59E8-4357-959E-791B9C10B594}.Debug|Any CPU.Deploy.0 = Debug|Any CPU
		{B191C7FF-59E8-4357-959E-791B9C10B594}.Debug|x64.ActiveCfg = Debug|Any CPU
		{B191C7FF-59E8-4357-959E-791B9C10B594}.Debug|x64.Build.0 = Debug|Any CPU
		{B191C7FF-59E8-4357-959E-791B9C10B594}.Debug|x64.Deploy.0 = Debug|Any CPU
		{B191C7FF-59E8-4357-959E-791B9C10B594}.Debug|x86.ActiveCfg = Debug|Any CPU
		{B191C7FF-59E8-4357-959E-791B9C10B594}.Debug|x86.Build.0 = Debug|Any CPU
		{B191C7FF-59E8-4357-959E-791B9C10B594}.Debug|x86.Deploy.0 = Debug|Any CPU
		{B191C7FF-59E8-4357-959E-791B9C10B594}.Release|Any CPU.ActiveCfg = Release|Any CPU
		{B191C7FF-59E8-4357-959E-791B9C10B594}.Release|Any CPU.Build.0 = Release|Any CPU
		{B191C7FF-59E8-4357-959E-791B9C10B594}.Release|Any CPU.Deploy.0 = Release|Any CPU
		{B191C7FF-59E8-4357-959E-791B9C10B594}.Release|x64.ActiveCfg = Release|Any CPU
		{B191C7FF-59E8-4357-959E-791B9C10B594}.Release|x64.Build.0 = Release|Any CPU
		{B191C7FF-59E8-4357-959E-791B9C10B594}.Release|x64.Deploy.0 = Release|Any CPU
		{B191C7FF-59E8-4357-959E-791B9C10B594}.Release|x86.ActiveCfg = Release|Any CPU
		{B191C7FF-59E8-4357-959E-791B9C10B594}.Release|x86.Build.0 = Release|Any CPU
		{B191C7FF-59E8-4357-959E-791B9C10B594}.Release|x86.Deploy.0 = Release|Any CPU
		{6B95B0F5-A8DD-4290-B376-C90F707B0A78}.Debug|Any CPU.ActiveCfg = Debug|Any CPU
		{6B95B0F5-A8DD-4290-B376-C90F707B0A78}.Debug|Any CPU.Build.0 = Debug|Any CPU
		{6B95B0F5-A8DD-4290-B376-C90F707B0A78}.Debug|Any CPU.Deploy.0 = Debug|Any CPU
		{6B95B0F5-A8DD-4290-B376-C90F707B0A78}.Debug|x64.ActiveCfg = Debug|Any CPU
		{6B95B0F5-A8DD-4290-B376-C90F707B0A78}.Debug|x64.Build.0 = Debug|Any CPU
		{6B95B0F5-A8DD-4290-B376-C90F707B0A78}.Debug|x64.Deploy.0 = Debug|Any CPU
		{6B95B0F5-A8DD-4290-B376-C90F707B0A78}.Debug|x86.ActiveCfg = Debug|Any CPU
		{6B95B0F5-A8DD-4290-B376-C90F707B0A78}.Debug|x86.Build.0 = Debug|Any CPU
		{6B95B0F5-A8DD-4290-B376-C90F707B0A78}.Debug|x86.Deploy.0 = Debug|Any CPU
		{6B95B0F5-A8DD-4290-B376-C90F707B0A78}.Release|Any CPU.ActiveCfg = Release|Any CPU
		{6B95B0F5-A8DD-4290-B376-C90F707B0A78}.Release|Any CPU.Build.0 = Release|Any CPU
		{6B95B0F5-A8DD-4290-B376-C90F707B0A78}.Release|Any CPU.Deploy.0 = Release|Any CPU
		{6B95B0F5-A8DD-4290-B376-C90F707B0A78}.Release|x64.ActiveCfg = Release|Any CPU
		{6B95B0F5-A8DD-4290-B376-C90F707B0A78}.Release|x64.Build.0 = Release|Any CPU
		{6B95B0F5-A8DD-4290-B376-C90F707B0A78}.Release|x64.Deploy.0 = Release|Any CPU
		{6B95B0F5-A8DD-4290-B376-C90F707B0A78}.Release|x86.ActiveCfg = Release|Any CPU
		{6B95B0F5-A8DD-4290-B376-C90F707B0A78}.Release|x86.Build.0 = Release|Any CPU
		{6B95B0F5-A8DD-4290-B376-C90F707B0A78}.Release|x86.Deploy.0 = Release|Any CPU
		{B8504434-68B2-47CE-A86F-B2FD434F77FD}.Debug|Any CPU.ActiveCfg = Debug|Any CPU
		{B8504434-68B2-47CE-A86F-B2FD434F77FD}.Debug|Any CPU.Build.0 = Debug|Any CPU
		{B8504434-68B2-47CE-A86F-B2FD434F77FD}.Debug|Any CPU.Deploy.0 = Debug|Any CPU
		{B8504434-68B2-47CE-A86F-B2FD434F77FD}.Debug|x64.ActiveCfg = Debug|Any CPU
		{B8504434-68B2-47CE-A86F-B2FD434F77FD}.Debug|x64.Build.0 = Debug|Any CPU
		{B8504434-68B2-47CE-A86F-B2FD434F77FD}.Debug|x64.Deploy.0 = Debug|Any CPU
		{B8504434-68B2-47CE-A86F-B2FD434F77FD}.Debug|x86.ActiveCfg = Debug|Any CPU
		{B8504434-68B2-47CE-A86F-B2FD434F77FD}.Debug|x86.Build.0 = Debug|Any CPU
		{B8504434-68B2-47CE-A86F-B2FD434F77FD}.Debug|x86.Deploy.0 = Debug|Any CPU
		{B8504434-68B2-47CE-A86F-B2FD434F77FD}.Release|Any CPU.ActiveCfg = Release|Any CPU
		{B8504434-68B2-47CE-A86F-B2FD434F77FD}.Release|Any CPU.Build.0 = Release|Any CPU
		{B8504434-68B2-47CE-A86F-B2FD434F77FD}.Release|Any CPU.Deploy.0 = Release|Any CPU
		{B8504434-68B2-47CE-A86F-B2FD434F77FD}.Release|x64.ActiveCfg = Release|Any CPU
		{B8504434-68B2-47CE-A86F-B2FD434F77FD}.Release|x64.Build.0 = Release|Any CPU
		{B8504434-68B2-47CE-A86F-B2FD434F77FD}.Release|x64.Deploy.0 = Release|Any CPU
		{B8504434-68B2-47CE-A86F-B2FD434F77FD}.Release|x86.ActiveCfg = Release|Any CPU
		{B8504434-68B2-47CE-A86F-B2FD434F77FD}.Release|x86.Build.0 = Release|Any CPU
		{B8504434-68B2-47CE-A86F-B2FD434F77FD}.Release|x86.Deploy.0 = Release|Any CPU
		{4836D6A4-F807-4E6A-887D-409BF1480017}.Debug|Any CPU.ActiveCfg = Debug|Any CPU
		{4836D6A4-F807-4E6A-887D-409BF1480017}.Debug|Any CPU.Build.0 = Debug|Any CPU
		{4836D6A4-F807-4E6A-887D-409BF1480017}.Debug|Any CPU.Deploy.0 = Debug|Any CPU
		{4836D6A4-F807-4E6A-887D-409BF1480017}.Debug|x64.ActiveCfg = Debug|Any CPU
		{4836D6A4-F807-4E6A-887D-409BF1480017}.Debug|x64.Build.0 = Debug|Any CPU
		{4836D6A4-F807-4E6A-887D-409BF1480017}.Debug|x64.Deploy.0 = Debug|Any CPU
		{4836D6A4-F807-4E6A-887D-409BF1480017}.Debug|x86.ActiveCfg = Debug|Any CPU
		{4836D6A4-F807-4E6A-887D-409BF1480017}.Debug|x86.Build.0 = Debug|Any CPU
		{4836D6A4-F807-4E6A-887D-409BF1480017}.Debug|x86.Deploy.0 = Debug|Any CPU
		{4836D6A4-F807-4E6A-887D-409BF1480017}.Release|Any CPU.ActiveCfg = Release|Any CPU
		{4836D6A4-F807-4E6A-887D-409BF1480017}.Release|Any CPU.Build.0 = Release|Any CPU
		{4836D6A4-F807-4E6A-887D-409BF1480017}.Release|Any CPU.Deploy.0 = Release|Any CPU
		{4836D6A4-F807-4E6A-887D-409BF1480017}.Release|x64.ActiveCfg = Release|Any CPU
		{4836D6A4-F807-4E6A-887D-409BF1480017}.Release|x64.Build.0 = Release|Any CPU
		{4836D6A4-F807-4E6A-887D-409BF1480017}.Release|x64.Deploy.0 = Release|Any CPU
		{4836D6A4-F807-4E6A-887D-409BF1480017}.Release|x86.ActiveCfg = Release|Any CPU
		{4836D6A4-F807-4E6A-887D-409BF1480017}.Release|x86.Build.0 = Release|Any CPU
		{4836D6A4-F807-4E6A-887D-409BF1480017}.Release|x86.Deploy.0 = Release|Any CPU
	EndGlobalSection
	GlobalSection(SolutionProperties) = preSolution
		HideSolutionNode = FALSE
	EndGlobalSection
	GlobalSection(ExtensibilityGlobals) = postSolution
		SolutionGuid = {06FE96F5-AA85-40B9-8E16-1AC45F8ADDA4}
	EndGlobalSection
EndGlobal
